
Microsoft Visual Studio Solution File, Format Version 12.00
# Visual Studio Version 17
VisualStudioVersion = 17.14.36414.22 d17.14
MinimumVisualStudioVersion = 10.0.40219.1
Project("{8BC9CEB8-8B4A-11D0-8D11-00A0C91BC942}") = "ConsoleApplication13", "ConsoleApplication13.vcxproj", "{425D904D-DB81-4F27-A88A-640489B8381C}"
EndProject
Global
	GlobalSection(SolutionConfigurationPlatforms) = preSolution
		Debug|x64 = Debug|x64
		Debug|x86 = Debug|x86
		Release|x64 = Release|x64
		Release|x86 = Release|x86
	EndGlobalSection
	GlobalSection(ProjectConfigurationPlatforms) = postSolution
		{425D904D-DB81-4F27-A88A-640489B8381C}.Debug|x64.ActiveCfg = Debug|x64
		{425D904D-DB81-4F27-A88A-640489B8381C}.Debug|x64.Build.0 = Debug|x64
		{425D904D-DB81-4F27-A88A-640489B8381C}.Debug|x86.ActiveCfg = Debug|Win32
		{425D904D-DB81-4F27-A88A-640489B8381C}.Debug|x86.Build.0 = Debug|Win32
		{425D904D-DB81-4F27-A88A-640489B8381C}.Release|x64.ActiveCfg = Release|x64
		{425D904D-DB81-4F27-A88A-640489B8381C}.Release|x64.Build.0 = Release|x64
		{425D904D-DB81-4F27-A88A-640489B8381C}.Release|x86.ActiveCfg = Release|Win32
		{425D904D-DB81-4F27-A88A-640489B8381C}.Release|x86.Build.0 = Release|Win32
	EndGlobalSection
	GlobalSection(SolutionProperties) = preSolution
		HideSolutionNode = FALSE
	EndGlobalSection
	GlobalSection(ExtensibilityGlobals) = postSolution
		SolutionGuid = {A9360126-5268-4819-B46F-50C511039208}
	EndGlobalSection
EndGlobal
